// !$*UTF8*$!
{
	archiveVersion = 1;
	classes = {
	};
	objectVersion = 46;
	objects = {

/* Begin PBXBuildFile section */
		637558B61D61602300F725CC /* main.m in Sources */ = {isa = PBXBuildFile; fileRef = 637558B51D61602300F725CC /* main.m */; };
		637558B91D61602300F725CC /* AppDelegate.m in Sources */ = {isa = PBXBuildFile; fileRef = 637558B81D61602300F725CC /* AppDelegate.m */; };
		637558BC1D61602300F725CC /* ViewController.m in Sources */ = {isa = PBXBuildFile; fileRef = 637558BB1D61602300F725CC /* ViewController.m */; };
		637558BF1D61602300F725CC /* Main.storyboard in Resources */ = {isa = PBXBuildFile; fileRef = 637558BD1D61602300F725CC /* Main.storyboard */; };
		637558C21D61602300F725CC /* gcddemo.xcdatamodeld in Sources */ = {isa = PBXBuildFile; fileRef = 637558C01D61602300F725CC /* gcddemo.xcdatamodeld */; };
		637558C41D61602300F725CC /* Assets.xcassets in Resources */ = {isa = PBXBuildFile; fileRef = 637558C31D61602300F725CC /* Assets.xcassets */; };
		637558C71D61602300F725CC /* LaunchScreen.storyboard in Resources */ = {isa = PBXBuildFile; fileRef = 637558C51D61602300F725CC /* LaunchScreen.storyboard */; };
/* End PBXBuildFile section */

/* Begin PBXFileReference section */
		637558B11D61602300F725CC /* gcddemo.app */ = {isa = PBXFileReference; explicitFileType = wrapper.application; includeInIndex = 0; path = gcddemo.app; sourceTree = BUILT_PRODUCTS_DIR; };
		637558B51D61602300F725CC /* main.m */ = {isa = PBXFileReference; lastKnownFileType = sourcecode.c.objc; path = main.m; sourceTree = "<group>"; };
		637558B71D61602300F725CC /* AppDelegate.h */ = {isa = PBXFileReference; lastKnownFileType = sourcecode.c.h; path = AppDelegate.h; sourceTree = "<group>"; };
		637558B81D61602300F725CC /* AppDelegate.m */ = {isa = PBXFileReference; lastKnownFileType = sourcecode.c.objc; path = AppDelegate.m; sourceTree = "<group>"; };
		637558BA1D61602300F725CC /* ViewController.h */ = {isa = PBXFileReference; lastKnownFileType = sourcecode.c.h; path = ViewController.h; sourceTree = "<group>"; };
		637558BB1D61602300F725CC /* ViewController.m */ = {isa = PBXFileReference; lastKnownFileType = sourcecode.c.objc; path = ViewController.m; sourceTree = "<group>"; };
		637558BE1D61602300F725CC /* Base */ = {isa = PBXFileReference; lastKnownFileType = file.storyboard; name = Base; path = Base.lproj/Main.storyboard; sourceTree = "<group>"; };
		637558C11D61602300F725CC /* gcddemo.xcdatamodel */ = {isa = PBXFileReference; lastKnownFileType = wrapper.xcdatamodel; path = gcddemo.xcdatamodel; sourceTree = "<group>"; };
		637558C31D61602300F725CC /* Assets.xcassets */ = {isa = PBXFileReference; lastKnownFileType = folder.assetcatalog; path = Assets.xcassets; sourceTree = "<group>"; };
		637558C61D61602300F725CC /* Base */ = {isa = PBXFileReference; lastKnownFileType = file.storyboard; name = Base; path = Base.lproj/LaunchScreen.storyboard; sourceTree = "<group>"; };
		637558C81D61602300F725CC /* Info.plist */ = {isa = PBXFileReference; lastKnownFileType = text.plist.xml; path = Info.plist; sourceTree = "<group>"; };
/* End PBXFileReference section */

/* Begin PBXFrameworksBuildPhase section */
		637558AE1D61602300F725CC /* Frameworks */ = {
			isa = PBXFrameworksBuildPhase;
			buildActionMask = 2147483647;
			files = (
			);
			runOnlyForDeploymentPostprocessing = 0;
		};
/* End PBXFrameworksBuildPhase section */

/* Begin PBXGroup section */
		637558A81D61602300F725CC = {
			isa = PBXGroup;
			children = (
				637558B31D61602300F725CC /* gcddemo */,
				637558B21D61602300F725CC /* Products */,
			);
			sourceTree = "<group>";
		};
		637558B21D61602300F725CC /* Products */ = {
			isa = PBXGroup;
			children = (
				637558B11D61602300F725CC /* gcddemo.app */,
			);
			name = Products;
			sourceTree = "<group>";
		};
		637558B31D61602300F725CC /* gcddemo */ = {
			isa = PBXGroup;
			children = (
				637558B71D61602300F725CC /* AppDelegate.h */,
				637558B81D61602300F725CC /* AppDelegate.m */,
				637558BA1D61602300F725CC /* ViewController.h */,
				637558BB1D61602300F725CC /* ViewController.m */,
				637558BD1D61602300F725CC /* Main.storyboard */,
				637558C31D61602300F725CC /* Assets.xcassets */,
				637558C51D61602300F725CC /* LaunchScreen.storyboard */,
				637558C81D61602300F725CC /* Info.plist */,
				637558C01D61602300F725CC /* gcddemo.xcdatamodeld */,
				637558B41D61602300F725CC /* Supporting Files */,
			);
			path = gcddemo;
			sourceTree = "<group>";
		};
		637558B41D61602300F725CC /* Supporting Files */ = {
			isa = PBXGroup;
			children = (
				637558B51D61602300F725CC /* main.m */,
			);
			name = "Supporting Files";
			sourceTree = "<group>";
		};
/* End PBXGroup section */

/* Begin PBXNativeTarget section */
		637558B01D61602300F725CC /* gcddemo */ = {
			isa = PBXNativeTarget;
			buildConfigurationList = 637558CB1D61602300F725CC /* Build configuration list for PBXNativeTarget "gcddemo" */;
			buildPhases = (
				637558AD1D61602300F725CC /* Sources */,
				637558AE1D61602300F725CC /* Frameworks */,
				637558AF1D61602300F725CC /* Resources */,
			);
			buildRules = (
			);
			dependencies = (
			);
			name = gcddemo;
			productName = gcddemo;
			productReference = 637558B11D61602300F725CC /* gcddemo.app */;
			productType = "com.apple.product-type.application";
		};
/* End PBXNativeTarget section */

/* Begin PBXProject section */
		637558A91D61602300F725CC /* Project object */ = {
			isa = PBXProject;
			attributes = {
				LastUpgradeCheck = 0730;
				ORGANIZATIONNAME = com.jinou.phoenixlock;
				TargetAttributes = {
					637558B01D61602300F725CC = {
						CreatedOnToolsVersion = 7.3;
					};
				};
			};
			buildConfigurationList = 637558AC1D61602300F725CC /* Build configuration list for PBXProject "gcddemo" */;
			compatibilityVersion = "Xcode 3.2";
			developmentRegion = English;
			hasScannedForEncodings = 0;
			knownRegions = (
				en,
				Base,
			);
			mainGroup = 637558A81D61602300F725CC;
			productRefGroup = 637558B21D61602300F725CC /* Products */;
			projectDirPath = "";
			projectRoot = "";
			targets = (
				637558B01D61602300F725CC /* gcddemo */,
			);
		};
/* End PBXProject section */

/* Begin PBXResourcesBuildPhase section */
		637558AF1D61602300F725CC /* Resources */ = {
			isa = PBXResourcesBuildPhase;
			buildActionMask = 2147483647;
			files = (
				637558C71D61602300F725CC /* LaunchScreen.storyboard in Resources */,
				637558C41D61602300F725CC /* Assets.xcassets in Resources */,
				637558BF1D61602300F725CC /* Main.storyboard in Resources */,
			);
			runOnlyForDeploymentPostprocessing = 0;
		};
/* End PBXResourcesBuildPhase section */

/* Begin PBXSourcesBuildPhase section */
		637558AD1D61602300F725CC /* Sources */ = {
			isa = PBXSourcesBuildPhase;
			buildActionMask = 2147483647;
			files = (
				637558BC1D61602300F725CC /* ViewController.m in Sources */,
				637558B91D61602300F725CC /* AppDelegate.m in Sources */,
				637558B61D61602300F725CC /* main.m in Sources */,
				637558C21D61602300F725CC /* gcddemo.xcdatamodeld in Sources */,
			);
			runOnlyForDeploymentPostprocessing = 0;
		};
/* End PBXSourcesBuildPhase section */

/* Begin PBXVariantGroup section */
		637558BD1D61602300F725CC /* Main.storyboard */ = {
			isa = PBXVariantGroup;
			children = (
				637558BE1D61602300F725CC /* Base */,
			);
			name = Main.storyboard;
			sourceTree = "<group>";
		};
		637558C51D61602300F725CC /* LaunchScreen.storyboard */ = {
			isa = PBXVariantGroup;
			children = (
				637558C61D61602300F725CC /* Base */,
			);
			name = LaunchScreen.storyboard;
			sourceTree = "<group>";
		};
/* End PBXVariantGroup section */

/* Begin XCBuildConfiguration section */
		637558C91D61602300F725CC /* Debug */ = {
			isa = XCBuildConfiguration;
			buildSettings = {
				ALWAYS_SEARCH_USER_PATHS = NO;
				CLANG_CXX_LANGUAGE_STANDARD = "gnu++0x";
				CLANG_CXX_LIBRARY = "libc++";
				CLANG_ENABLE_MODULES = YES;
				CLANG_ENABLE_OBJC_ARC = YES;
				CLANG_WARN_BOOL_CONVERSION = YES;
				CLANG_WARN_CONSTANT_CONVERSION = YES;
				CLANG_WARN_DIRECT_OBJC_ISA_USAGE = YES_ERROR;
				CLANG_WARN_EMPTY_BODY = YES;
				CLANG_WARN_ENUM_CONVERSION = YES;
				CLANG_WARN_INT_CONVERSION = YES;
				CLANG_WARN_OBJC_ROOT_CLASS = YES_ERROR;
				CLANG_WARN_UNREACHABLE_CODE = YES;
				CLANG_WARN__DUPLICATE_METHOD_MATCH = YES;
				"CODE_SIGN_IDENTITY[sdk=iphoneos*]" = "iPhone Developer";
				COPY_PHASE_STRIP = NO;
				DEBUG_INFORMATION_FORMAT = dwarf;
				ENABLE_STRICT_OBJC_MSGSEND = YES;
				ENABLE_TESTABILITY = YES;
				GCC_C_LANGUAGE_STANDARD = gnu99;
				GCC_DYNAMIC_NO_PIC = NO;
				GCC_NO_COMMON_BLOCKS = YES;
				GCC_OPTIMIZATION_LEVEL = 0;
				GCC_PREPROCESSOR_DEFINITIONS = (
					"DEBUG=1",
					"$(inherited)",
				);
				GCC_WARN_64_TO_32_BIT_CONVERSION = YES;
				GCC_WARN_ABOUT_RETURN_TYPE = YES_ERROR;
				GCC_WARN_UNDECLARED_SELECTOR = YES;
				GCC_WARN_UNINITIALIZED_AUTOS = YES_AGGRESSIVE;
				GCC_WARN_UNUSED_FUNCTION = YES;
				GCC_WARN_UNUSED_VARIABLE = YES;
				IPHONEOS_DEPLOYMENT_TARGET = 9.3;
				MTL_ENABLE_DEBUG_INFO = YES;
				ONLY_ACTIVE_ARCH = YES;
				SDKROOT = iphoneos;
			};
			name = Debug;
		};
		637558CA1D61602300F725CC /* Release */ = {
			isa = XCBuildConfiguration;
			buildSettings = {
				ALWAYS_SEARCH_USER_PATHS = NO;
				CLANG_CXX_LANGUAGE_STANDARD = "gnu++0x";
				CLANG_CXX_LIBRARY = "libc++";
				CLANG_ENABLE_MODULES = YES;
				CLANG_ENABLE_OBJC_ARC = YES;
				CLANG_WARN_BOOL_CONVERSION = YES;
				CLANG_WARN_CONSTANT_CONVERSION = YES;
				CLANG_WARN_DIRECT_OBJC_ISA_USAGE = YES_ERROR;
				CLANG_WARN_EMPTY_BODY = YES;
				CLANG_WARN_ENUM_CONVERSION = YES;
				CLANG_WARN_INT_CONVERSION = YES;
				CLANG_WARN_OBJC_ROOT_CLASS = YES_ERROR;
				CLANG_WARN_UNREACHABLE_CODE = YES;
				CLANG_WARN__DUPLICATE_METHOD_MATCH = YES;
				"CODE_SIGN_IDENTITY[sdk=iphoneos*]" = "iPhone Developer";
				COPY_PHASE_STRIP = NO;
				DEBUG_INFORMATION_FORMAT = "dwarf-with-dsym";
				ENABLE_NS_ASSERTIONS = NO;
				ENABLE_STRICT_OBJC_MSGSEND = YES;
				GCC_C_LANGUAGE_STANDARD = gnu99;
				GCC_NO_COMMON_BLOCKS = YES;
				GCC_WARN_64_TO_32_BIT_CONVERSION = YES;
				GCC_WARN_ABOUT_RETURN_TYPE = YES_ERROR;
				GCC_WARN_UNDECLARED_SELECTOR = YES;
				GCC_WARN_UNINITIALIZED_AUTOS = YES_AGGRESSIVE;
				GCC_WARN_UNUSED_FUNCTION = YES;
				GCC_WARN_UNUSED_VARIABLE = YES;
				IPHONEOS_DEPLOYMENT_TARGET = 9.3;
				MTL_ENABLE_DEBUG_INFO = NO;
				SDKROOT = iphoneos;
				VALIDATE_PRODUCT = YES;
			};
			name = Release;
		};
		637558CC1D61602300F725CC /* Debug */ = {
			isa = XCBuildConfiguration;
			buildSettings = {
				ASSETCATALOG_COMPILER_APPICON_NAME = AppIcon;
				INFOPLIST_FILE = gcddemo/Info.plist;
				LD_RUNPATH_SEARCH_PATHS = "$(inherited) @executable_path/Frameworks";
				PRODUCT_BUNDLE_IDENTIFIER = com.qcy.jinou.gcddemo;
				PRODUCT_NAME = "$(TARGET_NAME)";
			};
			name = Debug;
		};
		637558CD1D61602300F725CC /* Release */ = {
			isa = XCBuildConfiguration;
			buildSettings = {
				ASSETCATALOG_COMPILER_APPICON_NAME = AppIcon;
				INFOPLIST_FILE = gcddemo/Info.plist;
				LD_RUNPATH_SEARCH_PATHS = "$(inherited) @executable_path/Frameworks";
				PRODUCT_BUNDLE_IDENTIFIER = com.qcy.jinou.gcddemo;
				PRODUCT_NAME = "$(TARGET_NAME)";
			};
			name = Release;
		};
/* End XCBuildConfiguration section */

/* Begin XCConfigurationList section */
		637558AC1D61602300F725CC /* Build configuration list for PBXProject "gcddemo" */ = {
			isa = XCConfigurationList;
			buildConfigurations = (
				637558C91D61602300F725CC /* Debug */,
				637558CA1D61602300F725CC /* Release */,
			);
			defaultConfigurationIsVisible = 0;
			defaultConfigurationName = Release;
		};
		637558CB1D61602300F725CC /* Build configuration list for PBXNativeTarget "gcddemo" */ = {
			isa = XCConfigurationList;
			buildConfigurations = (
				637558CC1D61602300F725CC /* Debug */,
				637558CD1D61602300F725CC /* Release */,
			);
			defaultConfigurationIsVisible = 0;
		};
/* End XCConfigurationList section */

/* Begin XCVersionGroup section */
		637558C01D61602300F725CC /* gcddemo.xcdatamodeld */ = {
			isa = XCVersionGroup;
			children = (
				637558C11D61602300F725CC /* gcddemo.xcdatamodel */,
			);
			currentVersion = 637558C11D61602300F725CC /* gcddemo.xcdatamodel */;
			path = gcddemo.xcdatamodeld;
			sourceTree = "<group>";
			versionGroupType = wrapper.xcdatamodel;
		};
/* End XCVersionGroup section */
	};
	rootObject = 637558A91D61602300F725CC /* Project object */;
}
